
Microsoft Visual Studio Solution File, Format Version 12.00
# Visual Studio Version 17
VisualStudioVersion = 17.0.31903.59
MinimumVisualStudioVersion = 10.0.40219.1
Project("{2150E333-8FDC-42A3-9474-1A3956D46DE8}") = "src", "src", "{827E0CD3-B72D-47B6-A68D-7590B98EB39B}"
EndProject
Project("{FAE04EC0-301F-11D3-BF4B-00C04F79EFBC}") = "NexusP2P.Core", "src\NexusP2P.Core\NexusP2P.Core.csproj", "{2CFC2242-4FF4-4552-B7F9-0B6CFB4B31C1}"
EndProject
Project("{FAE04EC0-301F-11D3-BF4B-00C04F79EFBC}") = "NexusP2P.Transfer", "src\NexusP2P.Transfer\NexusP2P.Transfer.csproj", "{A6780671-FD6D-4DDC-B8D7-DEA4DDAF2B96}"
EndProject
Project("{FAE04EC0-301F-11D3-BF4B-00C04F79EFBC}") = "NexusP2P.Transport.Abstractions", "src\NexusP2P.Transport.Abstractions\NexusP2P.Transport.Abstractions.csproj", "{49604CCB-C6CE-4FFD-AE8B-2E111638AD9C}"
EndProject
Project("{FAE04EC0-301F-11D3-BF4B-00C04F79EFBC}") = "NexusP2P.Core.Tests", "tests\NexusP2P.Core.Tests\NexusP2P.Core.Tests.csproj", "{30B018A8-D083-43FD-81CB-2A30EED06A15}"
EndProject
Project("{FAE04EC0-301F-11D3-BF4B-00C04F79EFBC}") = "NexusP2P.Integration.Tests", "tests\NexusP2P.Integration.Tests\NexusP2P.Integration.Tests.csproj", "{ECBCAEBC-A523-49FA-961D-F7925C079F6D}"
EndProject
Project("{FAE04EC0-301F-11D3-BF4B-00C04F79EFBC}") = "NexusP2P.Transfer.Tests", "tests\NexusP2P.Transfer.Tests\NexusP2P.Transfer.Tests.csproj", "{F11E6BB0-CB11-47F9-92D3-2362E616F7A7}"
EndProject
Project("{FAE04EC0-301F-11D3-BF4B-00C04F79EFBC}") = "NexusP2P.Signaling", "src\NexusP2P.Signaling\NexusP2P.Signaling.csproj", "{E699A06D-B8E5-4A98-B8EE-7DC0F9D69E8A}"
EndProject
Project("{FAE04EC0-301F-11D3-BF4B-00C04F79EFBC}") = "NexusP2P.Transport.WebRtc", "src\NexusP2P.Transport.WebRtc\NexusP2P.Transport.WebRtc.csproj", "{780C295D-8F47-4DB0-9DE7-B7780D9CF84F}"
EndProject
Project("{FAE04EC0-301F-11D3-BF4B-00C04F79EFBC}") = "NexusP2P.Agent", "src\NexusP2P.Agent\NexusP2P.Agent.csproj", "{0AC7109E-2EFE-4EA2-A72E-B1093F1432B8}"
EndProject
Project("{2150E333-8FDC-42A3-9474-1A3956D46DE8}") = "tests", "tests", "{0AB3BF05-4346-4AA6-1389-037BE0695223}"
EndProject
Project("{FAE04EC0-301F-11D3-BF4B-00C04F79EFBC}") = "NexusP2P.Agent.Tests", "tests\NexusP2P.Agent.Tests\NexusP2P.Agent.Tests.csproj", "{5B7A8446-866E-464C-8892-F197906E2008}"
EndProject
Project("{FAE04EC0-301F-11D3-BF4B-00C04F79EFBC}") = "NexusP2P.Cli", "src\NexusP2P.Cli\NexusP2P.Cli.csproj", "{F9D47305-2D4B-4676-914C-E457FF5FA5D1}"
EndProject
Project("{FAE04EC0-301F-11D3-BF4B-00C04F79EFBC}") = "NexusP2P.Desktop", "src\NexusP2P.Desktop\NexusP2P.Desktop.csproj", "{1F6974B2-A777-4DFA-A334-BF5724082C8D}"
EndProject
Project("{FAE04EC0-301F-11D3-BF4B-00C04F79EFBC}") = "NexusP2P.InteropHarness", "tests\NexusP2P.InteropHarness\NexusP2P.InteropHarness.csproj", "{1B0FE4C7-2B22-4D88-8F15-78123DE1E00F}"
EndProject
Global
	GlobalSection(SolutionConfigurationPlatforms) = preSolution
		Debug|Any CPU = Debug|Any CPU
		Debug|x64 = Debug|x64
		Debug|x86 = Debug|x86
		Release|Any CPU = Release|Any CPU
		Release|x64 = Release|x64
		Release|x86 = Release|x86
	EndGlobalSection
	GlobalSection(ProjectConfigurationPlatforms) = postSolution
		{2CFC2242-4FF4-4552-B7F9-0B6CFB4B31C1}.Debug|Any CPU.ActiveCfg = Debug|Any CPU
		{2CFC2242-4FF4-4552-B7F9-0B6CFB4B31C1}.Debug|Any CPU.Build.0 = Debug|Any CPU
		{2CFC2242-4FF4-4552-B7F9-0B6CFB4B31C1}.Debug|x64.ActiveCfg = Debug|Any CPU
		{2CFC2242-4FF4-4552-B7F9-0B6CFB4B31C1}.Debug|x64.Build.0 = Debug|Any CPU
		{2CFC2242-4FF4-4552-B7F9-0B6CFB4B31C1}.Debug|x86.ActiveCfg = Debug|Any CPU
		{2CFC2242-4FF4-4552-B7F9-0B6CFB4B31C1}.Debug|x86.Build.0 = Debug|Any CPU
		{2CFC2242-4FF4-4552-B7F9-0B6CFB4B31C1}.Release|Any CPU.ActiveCfg = Release|Any CPU
		{2CFC2242-4FF4-4552-B7F9-0B6CFB4B31C1}.Release|Any CPU.Build.0 = Release|Any CPU
		{2CFC2242-4FF4-4552-B7F9-0B6CFB4B31C1}.Release|x64.ActiveCfg = Release|Any CPU
		{2CFC2242-4FF4-4552-B7F9-0B6CFB4B31C1}.Release|x64.Build.0 = Release|Any CPU
		{2CFC2242-4FF4-4552-B7F9-0B6CFB4B31C1}.Release|x86.ActiveCfg = Release|Any CPU
		{2CFC2242-4FF4-4552-B7F9-0B6CFB4B31C1}.Release|x86.Build.0 = Release|Any CPU
		{A6780671-FD6D-4DDC-B8D7-DEA4DDAF2B96}.Debug|Any CPU.ActiveCfg = Debug|Any CPU
		{A6780671-FD6D-4DDC-B8D7-DEA4DDAF2B96}.Debug|Any CPU.Build.0 = Debug|Any CPU
		{A6780671-FD6D-4DDC-B8D7-DEA4DDAF2B96}.Debug|x64.ActiveCfg = Debug|Any CPU
		{A6780671-FD6D-4DDC-B8D7-DEA4DDAF2B96}.Debug|x64.Build.0 = Debug|Any CPU
		{A6780671-FD6D-4DDC-B8D7-DEA4DDAF2B96}.Debug|x86.ActiveCfg = Debug|Any CPU
		{A6780671-FD6D-4DDC-B8D7-DEA4DDAF2B96}.Debug|x86.Build.0 = Debug|Any CPU
		{A6780671-FD6D-4DDC-B8D7-DEA4DDAF2B96}.Release|Any CPU.ActiveCfg = Release|Any CPU
		{A6780671-FD6D-4DDC-B8D7-DEA4DDAF2B96}.Release|Any CPU.Build.0 = Release|Any CPU
		{A6780671-FD6D-4DDC-B8D7-DEA4DDAF2B96}.Release|x64.ActiveCfg = Release|Any CPU
		{A6780671-FD6D-4DDC-B8D7-DEA4DDAF2B96}.Release|x64.Build.0 = Release|Any CPU
		{A6780671-FD6D-4DDC-B8D7-DEA4DDAF2B96}.Release|x86.ActiveCfg = Release|Any CPU
		{A6780671-FD6D-4DDC-B8D7-DEA4DDAF2B96}.Release|x86.Build.0 = Release|Any CPU
		{49604CCB-C6CE-4FFD-AE8B-2E111638AD9C}.Debug|Any CPU.ActiveCfg = Debug|Any CPU
		{49604CCB-C6CE-4FFD-AE8B-2E111638AD9C}.Debug|Any CPU.Build.0 = Debug|Any CPU
		{49604CCB-C6CE-4FFD-AE8B-2E111638AD9C}.Debug|x64.ActiveCfg = Debug|Any CPU
		{49604CCB-C6CE-4FFD-AE8B-2E111638AD9C}.Debug|x64.Build.0 = Debug|Any CPU
		{49604CCB-C6CE-4FFD-AE8B-2E111638AD9C}.Debug|x86.ActiveCfg = Debug|Any CPU
		{49604CCB-C6CE-4FFD-AE8B-2E111638AD9C}.Debug|x86.Build.0 = Debug|Any CPU
		{49604CCB-C6CE-4FFD-AE8B-2E111638AD9C}.Release|Any CPU.ActiveCfg = Release|Any CPU
		{49604CCB-C6CE-4FFD-AE8B-2E111638AD9C}.Release|Any CPU.Build.0 = Release|Any CPU
		{49604CCB-C6CE-4FFD-AE8B-2E111638AD9C}.Release|x64.ActiveCfg = Release|Any CPU
		{49604CCB-C6CE-4FFD-AE8B-2E111638AD9C}.Release|x64.Build.0 = Release|Any CPU
		{49604CCB-C6CE-4FFD-AE8B-2E111638AD9C}.Release|x86.ActiveCfg = Release|Any CPU
		{49604CCB-C6CE-4FFD-AE8B-2E111638AD9C}.Release|x86.Build.0 = Release|Any CPU
		{30B018A8-D083-43FD-81CB-2A30EED06A15}.Debug|Any CPU.ActiveCfg = Debug|Any CPU
		{30B018A8-D083-43FD-81CB-2A30EED06A15}.Debug|Any CPU.Build.0 = Debug|Any CPU
		{30B018A8-D083-43FD-81CB-2A30EED06A15}.Debug|x64.ActiveCfg = Debug|Any CPU
		{30B018A8-D083-43FD-81CB-2A30EED06A15}.Debug|x64.Build.0 = Debug|Any CPU
		{30B018A8-D083-43FD-81CB-2A30EED06A15}.Debug|x86.ActiveCfg = Debug|Any CPU
		{30B018A8-D083-43FD-81CB-2A30EED06A15}.Debug|x86.Build.0 = Debug|Any CPU
		{30B018A8-D083-43FD-81CB-2A30EED06A15}.Release|Any CPU.ActiveCfg = Release|Any CPU
		{30B018A8-D083-43FD-81CB-2A30EED06A15}.Release|Any CPU.Build.0 = Release|Any CPU
		{30B018A8-D083-43FD-81CB-2A30EED06A15}.Release|x64.ActiveCfg = Release|Any CPU
		{30B018A8-D083-43FD-81CB-2A30EED06A15}.Release|x64.Build.0 = Release|Any CPU
		{30B018A8-D083-43FD-81CB-2A30EED06A15}.Release|x86.ActiveCfg = Release|Any CPU
		{30B018A8-D083-43FD-81CB-2A30EED06A15}.Release|x86.Build.0 = Release|Any CPU
		{ECBCAEBC-A523-49FA-961D-F7925C079F6D}.Debug|Any CPU.ActiveCfg = Debug|Any CPU
		{ECBCAEBC-A523-49FA-961D-F7925C079F6D}.Debug|Any CPU.Build.0 = Debug|Any CPU
		{ECBCAEBC-A523-49FA-961D-F7925C079F6D}.Debug|x64.ActiveCfg = Debug|Any CPU
		{ECBCAEBC-A523-49FA-961D-F7925C079F6D}.Debug|x64.Build.0 = Debug|Any CPU
		{ECBCAEBC-A523-49FA-961D-F7925C079F6D}.Debug|x86.ActiveCfg = Debug|Any CPU
		{ECBCAEBC-A523-49FA-961D-F7925C079F6D}.Debug|x86.Build.0 = Debug|Any CPU
		{ECBCAEBC-A523-49FA-961D-F7925C079F6D}.Release|Any CPU.ActiveCfg = Release|Any CPU
		{ECBCAEBC-A523-49FA-961D-F7925C079F6D}.Release|Any CPU.Build.0 = Release|Any CPU
		{ECBCAEBC-A523-49FA-961D-F7925C079F6D}.Release|x64.ActiveCfg = Release|Any CPU
		{ECBCAEBC-A523-49FA-961D-F7925C079F6D}.Release|x64.Build.0 = Release|Any CPU
		{ECBCAEBC-A523-49FA-961D-F7925C079F6D}.Release|x86.ActiveCfg = Release|Any CPU
		{ECBCAEBC-A523-49FA-961D-F7925C079F6D}.Release|x86.Build.0 = Release|Any CPU
		{F11E6BB0-CB11-47F9-92D3-2362E616F7A7}.Debug|Any CPU.ActiveCfg = Debug|Any CPU
		{F11E6BB0-CB11-47F9-92D3-2362E616F7A7}.Debug|Any CPU.Build.0 = Debug|Any CPU
		{F11E6BB0-CB11-47F9-92D3-2362E616F7A7}.Debug|x64.ActiveCfg = Debug|Any CPU
		{F11E6BB0-CB11-47F9-92D3-2362E616F7A7}.Debug|x64.Build.0 = Debug|Any CPU
		{F11E6BB0-CB11-47F9-92D3-2362E616F7A7}.Debug|x86.ActiveCfg = Debug|Any CPU
		{F11E6BB0-CB11-47F9-92D3-2362E616F7A7}.Debug|x86.Build.0 = Debug|Any CPU
		{F11E6BB0-CB11-47F9-92D3-2362E616F7A7}.Release|Any CPU.ActiveCfg = Release|Any CPU
		{F11E6BB0-CB11-47F9-92D3-2362E616F7A7}.Release|Any CPU.Build.0 = Release|Any CPU
		{F11E6BB0-CB11-47F9-92D3-2362E616F7A7}.Release|x64.ActiveCfg = Release|Any CPU
		{F11E6BB0-CB11-47F9-92D3-2362E616F7A7}.Release|x64.Build.0 = Release|Any CPU
		{F11E6BB0-CB11-47F9-92D3-2362E616F7A7}.Release|x86.ActiveCfg = Release|Any CPU
		{F11E6BB0-CB11-47F9-92D3-2362E616F7A7}.Release|x86.Build.0 = Release|Any CPU
		{E699A06D-B8E5-4A98-B8EE-7DC0F9D69E8A}.Debug|Any CPU.ActiveCfg = Debug|Any CPU
		{E699A06D-B8E5-4A98-B8EE-7DC0F9D69E8A}.Debug|Any CPU.Build.0 = Debug|Any CPU
		{E699A06D-B8E5-4A98-B8EE-7DC0F9D69E8A}.Debug|x64.ActiveCfg = Debug|Any CPU
		{E699A06D-B8E5-4A98-B8EE-7DC0F9D69E8A}.Debug|x64.Build.0 = Debug|Any CPU
		{E699A06D-B8E5-4A98-B8EE-7DC0F9D69E8A}.Debug|x86.ActiveCfg = Debug|Any CPU
		{E699A06D-B8E5-4A98-B8EE-7DC0F9D69E8A}.Debug|x86.Build.0 = Debug|Any CPU
		{E699A06D-B8E5-4A98-B8EE-7DC0F9D69E8A}.Release|Any CPU.ActiveCfg = Release|Any CPU
		{E699A06D-B8E5-4A98-B8EE-7DC0F9D69E8A}.Release|Any CPU.Build.0 = Release|Any CPU
		{E699A06D-B8E5-4A98-B8EE-7DC0F9D69E8A}.Release|x64.ActiveCfg = Release|Any CPU
		{E699A06D-B8E5-4A98-B8EE-7DC0F9D69E8A}.Release|x64.Build.0 = Release|Any CPU
		{E699A06D-B8E5-4A98-B8EE-7DC0F9D69E8A}.Release|x86.ActiveCfg = Release|Any CPU
		{E699A06D-B8E5-4A98-B8EE-7DC0F9D69E8A}.Release|x86.Build.0 = Release|Any CPU
		{780C295D-8F47-4DB0-9DE7-B7780D9CF84F}.Debug|Any CPU.ActiveCfg = Debug|Any CPU
		{780C295D-8F47-4DB0-9DE7-B7780D9CF84F}.Debug|Any CPU.Build.0 = Debug|Any CPU
		{780C295D-8F47-4DB0-9DE7-B7780D9CF84F}.Debug|x64.ActiveCfg = Debug|Any CPU
		{780C295D-8F47-4DB0-9DE7-B7780D9CF84F}.Debug|x64.Build.0 = Debug|Any CPU
		{780C295D-8F47-4DB0-9DE7-B7780D9CF84F}.Debug|x86.ActiveCfg = Debug|Any CPU
		{780C295D-8F47-4DB0-9DE7-B7780D9CF84F}.Debug|x86.Build.0 = Debug|Any CPU
		{780C295D-8F47-4DB0-9DE7-B7780D9CF84F}.Release|Any CPU.ActiveCfg = Release|Any CPU
		{780C295D-8F47-4DB0-9DE7-B7780D9CF84F}.Release|Any CPU.Build.0 = Release|Any CPU
		{780C295D-8F47-4DB0-9DE7-B7780D9CF84F}.Release|x64.ActiveCfg = Release|Any CPU
		{780C295D-8F47-4DB0-9DE7-B7780D9CF84F}.Release|x64.Build.0 = Release|Any CPU
		{780C295D-8F47-4DB0-9DE7-B7780D9CF84F}.Release|x86.ActiveCfg = Release|Any CPU
		{780C295D-8F47-4DB0-9DE7-B7780D9CF84F}.Release|x86.Build.0 = Release|Any CPU
		{0AC7109E-2EFE-4EA2-A72E-B1093F1432B8}.Debug|Any CPU.ActiveCfg = Debug|Any CPU
		{0AC7109E-2EFE-4EA2-A72E-B1093F1432B8}.Debug|Any CPU.Build.0 = Debug|Any CPU
		{0AC7109E-2EFE-4EA2-A72E-B1093F1432B8}.Debug|x64.ActiveCfg = Debug|Any CPU
		{0AC7109E-2EFE-4EA2-A72E-B1093F1432B8}.Debug|x64.Build.0 = Debug|Any CPU
		{0AC7109E-2EFE-4EA2-A72E-B1093F1432B8}.Debug|x86.ActiveCfg = Debug|Any CPU
		{0AC7109E-2EFE-4EA2-A72E-B1093F1432B8}.Debug|x86.Build.0 = Debug|Any CPU
		{0AC7109E-2EFE-4EA2-A72E-B1093F1432B8}.Release|Any CPU.ActiveCfg = Release|Any CPU
		{0AC7109E-2EFE-4EA2-A72E-B1093F1432B8}.Release|Any CPU.Build.0 = Release|Any CPU
		{0AC7109E-2EFE-4EA2-A72E-B1093F1432B8}.Release|x64.ActiveCfg = Release|Any CPU
		{0AC7109E-2EFE-4EA2-A72E-B1093F1432B8}.Release|x64.Build.0 = Release|Any CPU
		{0AC7109E-2EFE-4EA2-A72E-B1093F1432B8}.Release|x86.ActiveCfg = Release|Any CPU
		{0AC7109E-2EFE-4EA2-A72E-B1093F1432B8}.Release|x86.Build.0 = Release|Any CPU
		{5B7A8446-866E-464C-8892-F197906E2008}.Debug|Any CPU.ActiveCfg = Debug|Any CPU
		{5B7A8446-866E-464C-8892-F197906E2008}.Debug|Any CPU.Build.0 = Debug|Any CPU
		{5B7A8446-866E-464C-8892-F197906E2008}.Debug|x64.ActiveCfg = Debug|Any CPU
		{5B7A8446-866E-464C-8892-F197906E2008}.Debug|x64.Build.0 = Debug|Any CPU
		{5B7A8446-866E-464C-8892-F197906E2008}.Debug|x86.ActiveCfg = Debug|Any CPU
		{5B7A8446-866E-464C-8892-F197906E2008}.Debug|x86.Build.0 = Debug|Any CPU
		{5B7A8446-866E-464C-8892-F197906E2008}.Release|Any CPU.ActiveCfg = Release|Any CPU
		{5B7A8446-866E-464C-8892-F197906E2008}.Release|Any CPU.Build.0 = Release|Any CPU
		{5B7A8446-866E-464C-8892-F197906E2008}.Release|x64.ActiveCfg = Release|Any CPU
		{5B7A8446-866E-464C-8892-F197906E2008}.Release|x64.Build.0 = Release|Any CPU
		{5B7A8446-866E-464C-8892-F197906E2008}.Release|x86.ActiveCfg = Release|Any CPU
		{5B7A8446-866E-464C-8892-F197906E2008}.Release|x86.Build.0 = Release|Any CPU
		{F9D47305-2D4B-4676-914C-E457FF5FA5D1}.Debug|Any CPU.ActiveCfg = Debug|Any CPU
		{F9D47305-2D4B-4676-914C-E457FF5FA5D1}.Debug|Any CPU.Build.0 = Debug|Any CPU
		{F9D47305-2D4B-4676-914C-E457FF5FA5D1}.Debug|x64.ActiveCfg = Debug|Any CPU
		{F9D47305-2D4B-4676-914C-E457FF5FA5D1}.Debug|x64.Build.0 = Debug|Any CPU
		{F9D47305-2D4B-4676-914C-E457FF5FA5D1}.Debug|x86.ActiveCfg = Debug|Any CPU
		{F9D47305-2D4B-4676-914C-E457FF5FA5D1}.Debug|x86.Build.0 = Debug|Any CPU
		{F9D47305-2D4B-4676-914C-E457FF5FA5D1}.Release|Any CPU.ActiveCfg = Release|Any CPU
		{F9D47305-2D4B-4676-914C-E457FF5FA5D1}.Release|Any CPU.Build.0 = Release|Any CPU
		{F9D47305-2D4B-4676-914C-E457FF5FA5D1}.Release|x64.ActiveCfg = Release|Any CPU
		{F9D47305-2D4B-4676-914C-E457FF5FA5D1}.Release|x64.Build.0 = Release|Any CPU
		{F9D47305-2D4B-4676-914C-E457FF5FA5D1}.Release|x86.ActiveCfg = Release|Any CPU
		{F9D47305-2D4B-4676-914C-E457FF5FA5D1}.Release|x86.Build.0 = Release|Any CPU
		{1F6974B2-A777-4DFA-A334-BF5724082C8D}.Debug|Any CPU.ActiveCfg = Debug|Any CPU
		{1F6974B2-A777-4DFA-A334-BF5724082C8D}.Debug|Any CPU.Build.0 = Debug|Any CPU
		{1F6974B2-A777-4DFA-A334-BF5724082C8D}.Debug|x64.ActiveCfg = Debug|Any CPU
		{1F6974B2-A777-4DFA-A334-BF5724082C8D}.Debug|x64.Build.0 = Debug|Any CPU
		{1F6974B2-A777-4DFA-A334-BF5724082C8D}.Debug|x86.ActiveCfg = Debug|Any CPU
		{1F6974B2-A777-4DFA-A334-BF5724082C8D}.Debug|x86.Build.0 = Debug|Any CPU
		{1F6974B2-A777-4DFA-A334-BF5724082C8D}.Release|Any CPU.ActiveCfg = Release|Any CPU
		{1F6974B2-A777-4DFA-A334-BF5724082C8D}.Release|Any CPU.Build.0 = Release|Any CPU
		{1F6974B2-A777-4DFA-A334-BF5724082C8D}.Release|x64.ActiveCfg = Release|Any CPU
		{1F6974B2-A777-4DFA-A334-BF5724082C8D}.Release|x64.Build.0 = Release|Any CPU
		{1F6974B2-A777-4DFA-A334-BF5724082C8D}.Release|x86.ActiveCfg = Release|Any CPU
		{1F6974B2-A777-4DFA-A334-BF5724082C8D}.Release|x86.Build.0 = Release|Any CPU
		{1B0FE4C7-2B22-4D88-8F15-78123DE1E00F}.Debug|Any CPU.ActiveCfg = Debug|Any CPU
		{1B0FE4C7-2B22-4D88-8F15-78123DE1E00F}.Debug|Any CPU.Build.0 = Debug|Any CPU
		{1B0FE4C7-2B22-4D88-8F15-78123DE1E00F}.Debug|x64.ActiveCfg = Debug|Any CPU
		{1B0FE4C7-2B22-4D88-8F15-78123DE1E00F}.Debug|x64.Build.0 = Debug|Any CPU
		{1B0FE4C7-2B22-4D88-8F15-78123DE1E00F}.Debug|x86.ActiveCfg = Debug|Any CPU
		{1B0FE4C7-2B22-4D88-8F15-78123DE1E00F}.Debug|x86.Build.0 = Debug|Any CPU
		{1B0FE4C7-2B22-4D88-8F15-78123DE1E00F}.Release|Any CPU.ActiveCfg = Release|Any CPU
		{1B0FE4C7-2B22-4D88-8F15-78123DE1E00F}.Release|Any CPU.Build.0 = Release|Any CPU
		{1B0FE4C7-2B22-4D88-8F15-78123DE1E00F}.Release|x64.ActiveCfg = Release|Any CPU
		{1B0FE4C7-2B22-4D88-8F15-78123DE1E00F}.Release|x64.Build.0 = Release|Any CPU
		{1B0FE4C7-2B22-4D88-8F15-78123DE1E00F}.Release|x86.ActiveCfg = Release|Any CPU
		{1B0FE4C7-2B22-4D88-8F15-78123DE1E00F}.Release|x86.Build.0 = Release|Any CPU
	EndGlobalSection
	GlobalSection(SolutionProperties) = preSolution
		HideSolutionNode = FALSE
	EndGlobalSection
	GlobalSection(NestedProjects) = preSolution
		{2CFC2242-4FF4-4552-B7F9-0B6CFB4B31C1} = {827E0CD3-B72D-47B6-A68D-7590B98EB39B}
		{A6780671-FD6D-4DDC-B8D7-DEA4DDAF2B96} = {827E0CD3-B72D-47B6-A68D-7590B98EB39B}
		{49604CCB-C6CE-4FFD-AE8B-2E111638AD9C} = {827E0CD3-B72D-47B6-A68D-7590B98EB39B}
		{30B018A8-D083-43FD-81CB-2A30EED06A15} = {827E0CD3-B72D-47B6-A68D-7590B98EB39B}
		{ECBCAEBC-A523-49FA-961D-F7925C079F6D} = {827E0CD3-B72D-47B6-A68D-7590B98EB39B}
		{F11E6BB0-CB11-47F9-92D3-2362E616F7A7} = {827E0CD3-B72D-47B6-A68D-7590B98EB39B}
		{E699A06D-B8E5-4A98-B8EE-7DC0F9D69E8A} = {827E0CD3-B72D-47B6-A68D-7590B98EB39B}
		{780C295D-8F47-4DB0-9DE7-B7780D9CF84F} = {827E0CD3-B72D-47B6-A68D-7590B98EB39B}
		{0AC7109E-2EFE-4EA2-A72E-B1093F1432B8} = {827E0CD3-B72D-47B6-A68D-7590B98EB39B}
		{5B7A8446-866E-464C-8892-F197906E2008} = {0AB3BF05-4346-4AA6-1389-037BE0695223}
		{F9D47305-2D4B-4676-914C-E457FF5FA5D1} = {827E0CD3-B72D-47B6-A68D-7590B98EB39B}
		{1F6974B2-A777-4DFA-A334-BF5724082C8D} = {827E0CD3-B72D-47B6-A68D-7590B98EB39B}
		{1B0FE4C7-2B22-4D88-8F15-78123DE1E00F} = {0AB3BF05-4346-4AA6-1389-037BE0695223}
	EndGlobalSection
EndGlobal
